github.com/roadrunner-server/endure/v2 v2.5.0 h1:G2K7CzIHwY5HTGolRXE1Ob36bTifvgQ6GOxmWrGCNlc=
github.com/roadrunner-server/endure/v2 v2.5.0/go.mod h1:T7MgDhaeR0xav1ZKQULVsd0gqK4NqWjQfWOVBJ9bYWU=
github.com/roadrunner-server/errors v1.4.1 h1:LKNeaCGiwd3t8IaL840ZNF3UA9yDQlpvHnKddnh0YRQ=
github.com/roadrunner-server/errors v1.4.1/go.mod h1:qeffnIKG0e4j1dzGpa+OGY5VKSfMphizvqWIw8s2lAo=
