github.com/davecgh/go-spew v1.1.1 h1:vj9j/u1bqnvCEfJOwUhtlOARqs3+rkHYY13jYWTU97c=
github.com/pmezard/go-difflib v1.0.0 h1:4DBwDE0NGyQoBHbLQYPwSUPoCMWR5BEzIk/f1lZbAQM=
github.com/roadrunner-server/endure/v2 v2.0.0-beta.1 h1:QK41v2PgQ1pV/AGkmMyMcQkdqgns68L6zgm4+fVBllE=
github.com/roadrunner-server/endure/v2 v2.0.0-beta.1/go.mod h1:LVo9s6Q2LYG5VgNC69M4RQS+cz7J/pFExT5S2We9KLY=
github.com/roadrunner-server/errors v1.2.0 h1:qBmNXt8Iex9QnYTjCkbJKsBZu2EtYkQCM06GUDcQBbI=
github.com/roadrunner-server/errors v1.2.0/go.mod h1:z0ECxZp/dDa5RahtMcy4mBIavVxiZ9vwE5kByl7kFtY=
github.com/stretchr/testify v1.8.1 h1:w7B6lhMri9wdJUVmEZPGGhZzrYTPvgJArz7wNPgYKsk=
gopkg.in/yaml.v3 v3.0.1 h1:fxVm/GzAzEWqLHuvctI91KS9hhNmmWOoWu0XTYJS7CA=
