github.com/davecgh/go-spew v1.1.1 h1:vj9j/u1bqnvCEfJOwUhtlOARqs3+rkHYY13jYWTU97c=
github.com/pmezard/go-difflib v1.0.0 h1:4DBwDE0NGyQoBHbLQYPwSUPoCMWR5BEzIk/f1lZbAQM=
github.com/roadrunner-server/endure/v2 v2.0.1 h1:2greoQ669iCjsYNt14dwXXQGHAKDmLtFzL0OIE0ZATc=
github.com/roadrunner-server/endure/v2 v2.0.1/go.mod h1:RDrC9SFlyCGqGA2v9SqFIA+EqWTFmPxafIb4SMeHCHM=
github.com/roadrunner-server/endure/v2 v2.1.0 h1:aVQx/G70XUrt/GoT9RCB1QiT+y9nMpISSV5Ts0t8VCw=
github.com/roadrunner-server/endure/v2 v2.1.0/go.mod h1:aiFuQMl8vGHlKbxLutVuyp1p2ybRMfzRzV67RT08qLg=
github.com/roadrunner-server/errors v1.2.0 h1:qBmNXt8Iex9QnYTjCkbJKsBZu2EtYkQCM06GUDcQBbI=
github.com/roadrunner-server/errors v1.2.0/go.mod h1:z0ECxZp/dDa5RahtMcy4mBIavVxiZ9vwE5kByl7kFtY=
github.com/stretchr/testify v1.8.1 h1:w7B6lhMri9wdJUVmEZPGGhZzrYTPvgJArz7wNPgYKsk=
gopkg.in/yaml.v3 v3.0.1 h1:fxVm/GzAzEWqLHuvctI91KS9hhNmmWOoWu0XTYJS7CA=
